// !$*UTF8*$!
{
	archiveVersion = 1;
	classes = {
	};
	objectVersion = 46;
	objects = {

/* Begin PBXBuildFile section */
		2539A0F51CFE14CE006C0DD1 /* AppDelegate.swift in Sources */ = {isa = PBXBuildFile; fileRef = 2539A0F41CFE14CE006C0DD1 /* AppDelegate.swift */; };
		2539A0FC1CFE14CE006C0DD1 /* Assets.xcassets in Resources */ = {isa = PBXBuildFile; fileRef = 2539A0FB1CFE14CE006C0DD1 /* Assets.xcassets */; };
		2539A0FF1CFE14CE006C0DD1 /* LaunchScreen.storyboard in Resources */ = {isa = PBXBuildFile; fileRef = 2539A0FD1CFE14CE006C0DD1 /* LaunchScreen.storyboard */; };
		2539A1071CFE1506006C0DD1 /* Main.storyboard in Resources */ = {isa = PBXBuildFile; fileRef = 2539A1061CFE1506006C0DD1 /* Main.storyboard */; };
		2539A10C1CFE1523006C0DD1 /* CellSubgridCollectionViewCell.swift in Sources */ = {isa = PBXBuildFile; fileRef = 2539A1081CFE1523006C0DD1 /* CellSubgridCollectionViewCell.swift */; };
		2539A10D1CFE1523006C0DD1 /* DeviceType.swift in Sources */ = {isa = PBXBuildFile; fileRef = 2539A1091CFE1523006C0DD1 /* DeviceType.swift */; };
		2539A10E1CFE1523006C0DD1 /* SubgridSudokuCollectionViewCell.swift in Sources */ = {isa = PBXBuildFile; fileRef = 2539A10A1CFE1523006C0DD1 /* SubgridSudokuCollectionViewCell.swift */; };
		2539A10F1CFE1523006C0DD1 /* SudokuViewController.swift in Sources */ = {isa = PBXBuildFile; fileRef = 2539A10B1CFE1523006C0DD1 /* SudokuViewController.swift */; };
		2539A1131CFE1539006C0DD1 /* DPLL.swift in Sources */ = {isa = PBXBuildFile; fileRef = 2539A1111CFE1539006C0DD1 /* DPLL.swift */; };
		2539A1141CFE1539006C0DD1 /* Sudoku_NxN.swift in Sources */ = {isa = PBXBuildFile; fileRef = 2539A1121CFE1539006C0DD1 /* Sudoku_NxN.swift */; };
/* End PBXBuildFile section */

/* Begin PBXFileReference section */
		2539A0F11CFE14CE006C0DD1 /* Sudoku4x4-SATSolver.app */ = {isa = PBXFileReference; explicitFileType = wrapper.application; includeInIndex = 0; path = "Sudoku4x4-SATSolver.app"; sourceTree = BUILT_PRODUCTS_DIR; };
		2539A0F41CFE14CE006C0DD1 /* AppDelegate.swift */ = {isa = PBXFileReference; lastKnownFileType = sourcecode.swift; path = AppDelegate.swift; sourceTree = "<group>"; };
		2539A0FB1CFE14CE006C0DD1 /* Assets.xcassets */ = {isa = PBXFileReference; lastKnownFileType = folder.assetcatalog; path = Assets.xcassets; sourceTree = "<group>"; };
		2539A0FE1CFE14CE006C0DD1 /* Base */ = {isa = PBXFileReference; lastKnownFileType = file.storyboard; name = Base; path = Base.lproj/LaunchScreen.storyboard; sourceTree = "<group>"; };
		2539A1001CFE14CE006C0DD1 /* Info.plist */ = {isa = PBXFileReference; lastKnownFileType = text.plist.xml; path = Info.plist; sourceTree = "<group>"; };
		2539A1061CFE1506006C0DD1 /* Main.storyboard */ = {isa = PBXFileReference; fileEncoding = 4; lastKnownFileType = file.storyboard; path = Main.storyboard; sourceTree = "<group>"; };
		2539A1081CFE1523006C0DD1 /* CellSubgridCollectionViewCell.swift */ = {isa = PBXFileReference; fileEncoding = 4; lastKnownFileType = sourcecode.swift; path = CellSubgridCollectionViewCell.swift; sourceTree = "<group>"; };
		2539A1091CFE1523006C0DD1 /* DeviceType.swift */ = {isa = PBXFileReference; fileEncoding = 4; lastKnownFileType = sourcecode.swift; path = DeviceType.swift; sourceTree = "<group>"; };
		2539A10A1CFE1523006C0DD1 /* SubgridSudokuCollectionViewCell.swift */ = {isa = PBXFileReference; fileEncoding = 4; lastKnownFileType = sourcecode.swift; path = SubgridSudokuCollectionViewCell.swift; sourceTree = "<group>"; };
		2539A10B1CFE1523006C0DD1 /* SudokuViewController.swift */ = {isa = PBXFileReference; fileEncoding = 4; lastKnownFileType = sourcecode.swift; path = SudokuViewController.swift; sourceTree = "<group>"; };
		2539A1111CFE1539006C0DD1 /* DPLL.swift */ = {isa = PBXFileReference; fileEncoding = 4; lastKnownFileType = sourcecode.swift; name = DPLL.swift; path = ../../../SudokuSATSolver/DPLL.swift; sourceTree = "<group>"; };
		2539A1121CFE1539006C0DD1 /* Sudoku_NxN.swift */ = {isa = PBXFileReference; fileEncoding = 4; lastKnownFileType = sourcecode.swift; name = Sudoku_NxN.swift; path = ../../../SudokuSATSolver/Sudoku_NxN.swift; sourceTree = "<group>"; };
/* End PBXFileReference section */

/* Begin PBXFrameworksBuildPhase section */
		2539A0EE1CFE14CE006C0DD1 /* Frameworks */ = {
			isa = PBXFrameworksBuildPhase;
			buildActionMask = 2147483647;
			files = (
			);
			runOnlyForDeploymentPostprocessing = 0;
		};
/* End PBXFrameworksBuildPhase section */

/* Begin PBXGroup section */
		2539A0E81CFE14CE006C0DD1 = {
			isa = PBXGroup;
			children = (
				2539A0F31CFE14CE006C0DD1 /* Sudoku4x4-SATSolver */,
				2539A0F21CFE14CE006C0DD1 /* Products */,
			);
			sourceTree = "<group>";
		};
		2539A0F21CFE14CE006C0DD1 /* Products */ = {
			isa = PBXGroup;
			children = (
				2539A0F11CFE14CE006C0DD1 /* Sudoku4x4-SATSolver.app */,
			);
			name = Products;
			sourceTree = "<group>";
		};
		2539A0F31CFE14CE006C0DD1 /* Sudoku4x4-SATSolver */ = {
			isa = PBXGroup;
			children = (
				2539A1101CFE1539006C0DD1 /* SudokuSATSolver */,
				2539A1161CFE15D9006C0DD1 /* Storyboards */,
				2539A1151CFE15CE006C0DD1 /* Utils */,
				2539A1171CFE15E9006C0DD1 /* Controllers */,
			);
			path = "Sudoku4x4-SATSolver";
			sourceTree = "<group>";
		};
		2539A1101CFE1539006C0DD1 /* SudokuSATSolver */ = {
			isa = PBXGroup;
			children = (
				2539A1111CFE1539006C0DD1 /* DPLL.swift */,
				2539A1121CFE1539006C0DD1 /* Sudoku_NxN.swift */,
			);
			path = SudokuSATSolver;
			sourceTree = "<group>";
		};
		2539A1151CFE15CE006C0DD1 /* Utils */ = {
			isa = PBXGroup;
			children = (
				2539A0F41CFE14CE006C0DD1 /* AppDelegate.swift */,
				2539A1091CFE1523006C0DD1 /* DeviceType.swift */,
				2539A0FB1CFE14CE006C0DD1 /* Assets.xcassets */,
				2539A1001CFE14CE006C0DD1 /* Info.plist */,
			);
			name = Utils;
			sourceTree = "<group>";
		};
		2539A1161CFE15D9006C0DD1 /* Storyboards */ = {
			isa = PBXGroup;
			children = (
				2539A1061CFE1506006C0DD1 /* Main.storyboard */,
				2539A0FD1CFE14CE006C0DD1 /* LaunchScreen.storyboard */,
			);
			name = Storyboards;
			sourceTree = "<group>";
		};
		2539A1171CFE15E9006C0DD1 /* Controllers */ = {
			isa = PBXGroup;
			children = (
				2539A1081CFE1523006C0DD1 /* CellSubgridCollectionViewCell.swift */,
				2539A10A1CFE1523006C0DD1 /* SubgridSudokuCollectionViewCell.swift */,
				2539A10B1CFE1523006C0DD1 /* SudokuViewController.swift */,
			);
			name = Controllers;
			sourceTree = "<group>";
		};
/* End PBXGroup section */

/* Begin PBXNativeTarget section */
		2539A0F01CFE14CE006C0DD1 /* Sudoku4x4-SATSolver */ = {
			isa = PBXNativeTarget;
			buildConfigurationList = 2539A1031CFE14CE006C0DD1 /* Build configuration list for PBXNativeTarget "Sudoku4x4-SATSolver" */;
			buildPhases = (
				2539A0ED1CFE14CE006C0DD1 /* Sources */,
				2539A0EE1CFE14CE006C0DD1 /* Frameworks */,
				2539A0EF1CFE14CE006C0DD1 /* Resources */,
			);
			buildRules = (
			);
			dependencies = (
			);
			name = "Sudoku4x4-SATSolver";
			productName = "Sudoku4x4-SATSolver";
			productReference = 2539A0F11CFE14CE006C0DD1 /* Sudoku4x4-SATSolver.app */;
			productType = "com.apple.product-type.application";
		};
/* End PBXNativeTarget section */

/* Begin PBXProject section */
		2539A0E91CFE14CE006C0DD1 /* Project object */ = {
			isa = PBXProject;
			attributes = {
				LastSwiftUpdateCheck = 0730;
				LastUpgradeCheck = 0730;
				ORGANIZATIONNAME = "Diego Brito";
				TargetAttributes = {
					2539A0F01CFE14CE006C0DD1 = {
						CreatedOnToolsVersion = 7.3.1;
					};
				};
			};
			buildConfigurationList = 2539A0EC1CFE14CE006C0DD1 /* Build configuration list for PBXProject "Sudoku4x4-SATSolver" */;
			compatibilityVersion = "Xcode 3.2";
			developmentRegion = English;
			hasScannedForEncodings = 0;
			knownRegions = (
				en,
				Base,
			);
			mainGroup = 2539A0E81CFE14CE006C0DD1;
			productRefGroup = 2539A0F21CFE14CE006C0DD1 /* Products */;
			projectDirPath = "";
			projectRoot = "";
			targets = (
				2539A0F01CFE14CE006C0DD1 /* Sudoku4x4-SATSolver */,
			);
		};
/* End PBXProject section */

/* Begin PBXResourcesBuildPhase section */
		2539A0EF1CFE14CE006C0DD1 /* Resources */ = {
			isa = PBXResourcesBuildPhase;
			buildActionMask = 2147483647;
			files = (
				2539A1071CFE1506006C0DD1 /* Main.storyboard in Resources */,
				2539A0FF1CFE14CE006C0DD1 /* LaunchScreen.storyboard in Resources */,
				2539A0FC1CFE14CE006C0DD1 /* Assets.xcassets in Resources */,
			);
			runOnlyForDeploymentPostprocessing = 0;
		};
/* End PBXResourcesBuildPhase section */

/* Begin PBXSourcesBuildPhase section */
		2539A0ED1CFE14CE006C0DD1 /* Sources */ = {
			isa = PBXSourcesBuildPhase;
			buildActionMask = 2147483647;
			files = (
				2539A10D1CFE1523006C0DD1 /* DeviceType.swift in Sources */,
				2539A10F1CFE1523006C0DD1 /* SudokuViewController.swift in Sources */,
				2539A0F51CFE14CE006C0DD1 /* AppDelegate.swift in Sources */,
				2539A1141CFE1539006C0DD1 /* Sudoku_NxN.swift in Sources */,
				2539A1131CFE1539006C0DD1 /* DPLL.swift in Sources */,
				2539A10E1CFE1523006C0DD1 /* SubgridSudokuCollectionViewCell.swift in Sources */,
				2539A10C1CFE1523006C0DD1 /* CellSubgridCollectionViewCell.swift in Sources */,
			);
			runOnlyForDeploymentPostprocessing = 0;
		};
/* End PBXSourcesBuildPhase section */

/* Begin PBXVariantGroup section */
		2539A0FD1CFE14CE006C0DD1 /* LaunchScreen.storyboard */ = {
			isa = PBXVariantGroup;
			children = (
				2539A0FE1CFE14CE006C0DD1 /* Base */,
			);
			name = LaunchScreen.storyboard;
			sourceTree = "<group>";
		};
/* End PBXVariantGroup section */

/* Begin XCBuildConfiguration section */
		2539A1011CFE14CE006C0DD1 /* Debug */ = {
			isa = XCBuildConfiguration;
			buildSettings = {
				ALWAYS_SEARCH_USER_PATHS = NO;
				CLANG_ANALYZER_NONNULL = YES;
				CLANG_CXX_LANGUAGE_STANDARD = "gnu++0x";
				CLANG_CXX_LIBRARY = "libc++";
				CLANG_ENABLE_MODULES = YES;
				CLANG_ENABLE_OBJC_ARC = YES;
				CLANG_WARN_BOOL_CONVERSION = YES;
				CLANG_WARN_CONSTANT_CONVERSION = YES;
				CLANG_WARN_DIRECT_OBJC_ISA_USAGE = YES_ERROR;
				CLANG_WARN_EMPTY_BODY = YES;
				CLANG_WARN_ENUM_CONVERSION = YES;
				CLANG_WARN_INT_CONVERSION = YES;
				CLANG_WARN_OBJC_ROOT_CLASS = YES_ERROR;
				CLANG_WARN_UNREACHABLE_CODE = YES;
				CLANG_WARN__DUPLICATE_METHOD_MATCH = YES;
				"CODE_SIGN_IDENTITY[sdk=iphoneos*]" = "iPhone Developer";
				COPY_PHASE_STRIP = NO;
				DEBUG_INFORMATION_FORMAT = dwarf;
				ENABLE_STRICT_OBJC_MSGSEND = YES;
				ENABLE_TESTABILITY = YES;
				GCC_C_LANGUAGE_STANDARD = gnu99;
				GCC_DYNAMIC_NO_PIC = NO;
				GCC_NO_COMMON_BLOCKS = YES;
				GCC_OPTIMIZATION_LEVEL = 0;
				GCC_PREPROCESSOR_DEFINITIONS = (
					"DEBUG=1",
					"$(inherited)",
				);
				GCC_WARN_64_TO_32_BIT_CONVERSION = YES;
				GCC_WARN_ABOUT_RETURN_TYPE = YES_ERROR;
				GCC_WARN_UNDECLARED_SELECTOR = YES;
				GCC_WARN_UNINITIALIZED_AUTOS = YES_AGGRESSIVE;
				GCC_WARN_UNUSED_FUNCTION = YES;
				GCC_WARN_UNUSED_VARIABLE = YES;
				IPHONEOS_DEPLOYMENT_TARGET = 9.3;
				MTL_ENABLE_DEBUG_INFO = YES;
				ONLY_ACTIVE_ARCH = YES;
				SDKROOT = iphoneos;
				SWIFT_OPTIMIZATION_LEVEL = "-Onone";
			};
			name = Debug;
		};
		2539A1021CFE14CE006C0DD1 /* Release */ = {
			isa = XCBuildConfiguration;
			buildSettings = {
				ALWAYS_SEARCH_USER_PATHS = NO;
				CLANG_ANALYZER_NONNULL = YES;
				CLANG_CXX_LANGUAGE_STANDARD = "gnu++0x";
				CLANG_CXX_LIBRARY = "libc++";
				CLANG_ENABLE_MODULES = YES;
				CLANG_ENABLE_OBJC_ARC = YES;
				CLANG_WARN_BOOL_CONVERSION = YES;
				CLANG_WARN_CONSTANT_CONVERSION = YES;
				CLANG_WARN_DIRECT_OBJC_ISA_USAGE = YES_ERROR;
				CLANG_WARN_EMPTY_BODY = YES;
				CLANG_WARN_ENUM_CONVERSION = YES;
				CLANG_WARN_INT_CONVERSION = YES;
				CLANG_WARN_OBJC_ROOT_CLASS = YES_ERROR;
				CLANG_WARN_UNREACHABLE_CODE = YES;
				CLANG_WARN__DUPLICATE_METHOD_MATCH = YES;
				"CODE_SIGN_IDENTITY[sdk=iphoneos*]" = "iPhone Developer";
				COPY_PHASE_STRIP = NO;
				DEBUG_INFORMATION_FORMAT = "dwarf-with-dsym";
				ENABLE_NS_ASSERTIONS = NO;
				ENABLE_STRICT_OBJC_MSGSEND = YES;
				GCC_C_LANGUAGE_STANDARD = gnu99;
				GCC_NO_COMMON_BLOCKS = YES;
				GCC_WARN_64_TO_32_BIT_CONVERSION = YES;
				GCC_WARN_ABOUT_RETURN_TYPE = YES_ERROR;
				GCC_WARN_UNDECLARED_SELECTOR = YES;
				GCC_WARN_UNINITIALIZED_AUTOS = YES_AGGRESSIVE;
				GCC_WARN_UNUSED_FUNCTION = YES;
				GCC_WARN_UNUSED_VARIABLE = YES;
				IPHONEOS_DEPLOYMENT_TARGET = 9.3;
				MTL_ENABLE_DEBUG_INFO = NO;
				SDKROOT = iphoneos;
				VALIDATE_PRODUCT = YES;
			};
			name = Release;
		};
		2539A1041CFE14CE006C0DD1 /* Debug */ = {
			isa = XCBuildConfiguration;
			buildSettings = {
				ASSETCATALOG_COMPILER_APPICON_NAME = AppIcon;
				INFOPLIST_FILE = "Sudoku4x4-SATSolver/Info.plist";
				LD_RUNPATH_SEARCH_PATHS = "$(inherited) @executable_path/Frameworks";
				PRODUCT_BUNDLE_IDENTIFIER = "com.DiegoBrito.Sudoku4x4-SATSolver";
				PRODUCT_NAME = "$(TARGET_NAME)";
			};
			name = Debug;
		};
		2539A1051CFE14CE006C0DD1 /* Release */ = {
			isa = XCBuildConfiguration;
			buildSettings = {
				ASSETCATALOG_COMPILER_APPICON_NAME = AppIcon;
				INFOPLIST_FILE = "Sudoku4x4-SATSolver/Info.plist";
				LD_RUNPATH_SEARCH_PATHS = "$(inherited) @executable_path/Frameworks";
				PRODUCT_BUNDLE_IDENTIFIER = "com.DiegoBrito.Sudoku4x4-SATSolver";
				PRODUCT_NAME = "$(TARGET_NAME)";
			};
			name = Release;
		};
/* End XCBuildConfiguration section */

/* Begin XCConfigurationList section */
		2539A0EC1CFE14CE006C0DD1 /* Build configuration list for PBXProject "Sudoku4x4-SATSolver" */ = {
			isa = XCConfigurationList;
			buildConfigurations = (
				2539A1011CFE14CE006C0DD1 /* Debug */,
				2539A1021CFE14CE006C0DD1 /* Release */,
			);
			defaultConfigurationIsVisible = 0;
			defaultConfigurationName = Release;
		};
		2539A1031CFE14CE006C0DD1 /* Build configuration list for PBXNativeTarget "Sudoku4x4-SATSolver" */ = {
			isa = XCConfigurationList;
			buildConfigurations = (
				2539A1041CFE14CE006C0DD1 /* Debug */,
				2539A1051CFE14CE006C0DD1 /* Release */,
			);
			defaultConfigurationIsVisible = 0;
		};
/* End XCConfigurationList section */
	};
	rootObject = 2539A0E91CFE14CE006C0DD1 /* Project object */;
}
